NeoBundleLock ctrlp.vim f2effdc86abf172d6562ec589fa1aa2c8f136a08
NeoBundleLock neobundle.vim c5c33289b927d2957b5ab96042994f33346b94b7
NeoBundleLock neosnippet-snippets dfa436157c9e72f16f0f0d088fa181b37e226c2f
NeoBundleLock neosnippet.vim 044c9cb8ca46a5e27eec37198990c26fe707b02a
NeoBundleLock vim-colorschemes 81c6dd7ce3169e5ad9ba92422ba6e1ce5b074e36
NeoBundleLock vim-fugitive 0095769029709b531d2505ee6ad9907dd9bd72a0
NeoBundleLock vimshell 3787e52766812d8b99a93ccdda57517bc2a0bab6
